// !$*UTF8*$!
{
	archiveVersion = 1;
	classes = {
	};
	objectVersion = 46;
	objects = {

/* Begin PBXBuildFile section */
		1EDF4C701D1B998E00BEAD24 /* AppDelegate.swift in Sources */ = {isa = PBXBuildFile; fileRef = 1EDF4C6F1D1B998E00BEAD24 /* AppDelegate.swift */; };
		1EDF4C721D1B998E00BEAD24 /* ViewController.swift in Sources */ = {isa = PBXBuildFile; fileRef = 1EDF4C711D1B998E00BEAD24 /* ViewController.swift */; };
		1EDF4C751D1B998E00BEAD24 /* Main.storyboard in Resources */ = {isa = PBXBuildFile; fileRef = 1EDF4C731D1B998E00BEAD24 /* Main.storyboard */; };
		1EDF4C781D1B998E00BEAD24 /* SERVOSA.xcdatamodeld in Sources */ = {isa = PBXBuildFile; fileRef = 1EDF4C761D1B998E00BEAD24 /* SERVOSA.xcdatamodeld */; };
		1EDF4C7A1D1B998E00BEAD24 /* Assets.xcassets in Resources */ = {isa = PBXBuildFile; fileRef = 1EDF4C791D1B998E00BEAD24 /* Assets.xcassets */; };
		1EDF4C7D1D1B998E00BEAD24 /* LaunchScreen.storyboard in Resources */ = {isa = PBXBuildFile; fileRef = 1EDF4C7B1D1B998E00BEAD24 /* LaunchScreen.storyboard */; };
/* End PBXBuildFile section */

/* Begin PBXFileReference section */
		1EDF4C6C1D1B998E00BEAD24 /* SERVOSA.app */ = {isa = PBXFileReference; explicitFileType = wrapper.application; includeInIndex = 0; path = SERVOSA.app; sourceTree = BUILT_PRODUCTS_DIR; };
		1EDF4C6F1D1B998E00BEAD24 /* AppDelegate.swift */ = {isa = PBXFileReference; lastKnownFileType = sourcecode.swift; path = AppDelegate.swift; sourceTree = "<group>"; };
		1EDF4C711D1B998E00BEAD24 /* ViewController.swift */ = {isa = PBXFileReference; lastKnownFileType = sourcecode.swift; path = ViewController.swift; sourceTree = "<group>"; };
		1EDF4C741D1B998E00BEAD24 /* Base */ = {isa = PBXFileReference; lastKnownFileType = file.storyboard; name = Base; path = Base.lproj/Main.storyboard; sourceTree = "<group>"; };
		1EDF4C771D1B998E00BEAD24 /* SERVOSA.xcdatamodel */ = {isa = PBXFileReference; lastKnownFileType = wrapper.xcdatamodel; path = SERVOSA.xcdatamodel; sourceTree = "<group>"; };
		1EDF4C791D1B998E00BEAD24 /* Assets.xcassets */ = {isa = PBXFileReference; lastKnownFileType = folder.assetcatalog; path = Assets.xcassets; sourceTree = "<group>"; };
		1EDF4C7C1D1B998E00BEAD24 /* Base */ = {isa = PBXFileReference; lastKnownFileType = file.storyboard; name = Base; path = Base.lproj/LaunchScreen.storyboard; sourceTree = "<group>"; };
		1EDF4C7E1D1B998E00BEAD24 /* Info.plist */ = {isa = PBXFileReference; lastKnownFileType = text.plist.xml; path = Info.plist; sourceTree = "<group>"; };
/* End PBXFileReference section */

/* Begin PBXFrameworksBuildPhase section */
		1EDF4C691D1B998E00BEAD24 /* Frameworks */ = {
			isa = PBXFrameworksBuildPhase;
			buildActionMask = 2147483647;
			files = (
			);
			runOnlyForDeploymentPostprocessing = 0;
		};
/* End PBXFrameworksBuildPhase section */

/* Begin PBXGroup section */
		1EDF4C631D1B998E00BEAD24 = {
			isa = PBXGroup;
			children = (
				1EDF4C6E1D1B998E00BEAD24 /* SERVOSA */,
				1EDF4C6D1D1B998E00BEAD24 /* Products */,
			);
			sourceTree = "<group>";
		};
		1EDF4C6D1D1B998E00BEAD24 /* Products */ = {
			isa = PBXGroup;
			children = (
				1EDF4C6C1D1B998E00BEAD24 /* SERVOSA.app */,
			);
			name = Products;
			sourceTree = "<group>";
		};
		1EDF4C6E1D1B998E00BEAD24 /* SERVOSA */ = {
			isa = PBXGroup;
			children = (
				1EDF4C6F1D1B998E00BEAD24 /* AppDelegate.swift */,
				1EDF4C711D1B998E00BEAD24 /* ViewController.swift */,
				1EDF4C731D1B998E00BEAD24 /* Main.storyboard */,
				1EDF4C791D1B998E00BEAD24 /* Assets.xcassets */,
				1EDF4C7B1D1B998E00BEAD24 /* LaunchScreen.storyboard */,
				1EDF4C7E1D1B998E00BEAD24 /* Info.plist */,
				1EDF4C761D1B998E00BEAD24 /* SERVOSA.xcdatamodeld */,
			);
			path = SERVOSA;
			sourceTree = "<group>";
		};
/* End PBXGroup section */

/* Begin PBXNativeTarget section */
		1EDF4C6B1D1B998E00BEAD24 /* SERVOSA */ = {
			isa = PBXNativeTarget;
			buildConfigurationList = 1EDF4C811D1B998E00BEAD24 /* Build configuration list for PBXNativeTarget "SERVOSA" */;
			buildPhases = (
				1EDF4C681D1B998E00BEAD24 /* Sources */,
				1EDF4C691D1B998E00BEAD24 /* Frameworks */,
				1EDF4C6A1D1B998E00BEAD24 /* Resources */,
			);
			buildRules = (
			);
			dependencies = (
			);
			name = SERVOSA;
			productName = SERVOSA;
			productReference = 1EDF4C6C1D1B998E00BEAD24 /* SERVOSA.app */;
			productType = "com.apple.product-type.application";
		};
/* End PBXNativeTarget section */

/* Begin PBXProject section */
		1EDF4C641D1B998E00BEAD24 /* Project object */ = {
			isa = PBXProject;
			attributes = {
				LastSwiftUpdateCheck = 0730;
				LastUpgradeCheck = 0730;
				ORGANIZATIONNAME = ucweb;
				TargetAttributes = {
					1EDF4C6B1D1B998E00BEAD24 = {
						CreatedOnToolsVersion = 7.3;
					};
				};
			};
			buildConfigurationList = 1EDF4C671D1B998E00BEAD24 /* Build configuration list for PBXProject "SERVOSA" */;
			compatibilityVersion = "Xcode 3.2";
			developmentRegion = English;
			hasScannedForEncodings = 0;
			knownRegions = (
				en,
				Base,
			);
			mainGroup = 1EDF4C631D1B998E00BEAD24;
			productRefGroup = 1EDF4C6D1D1B998E00BEAD24 /* Products */;
			projectDirPath = "";
			projectRoot = "";
			targets = (
				1EDF4C6B1D1B998E00BEAD24 /* SERVOSA */,
			);
		};
/* End PBXProject section */

/* Begin PBXResourcesBuildPhase section */
		1EDF4C6A1D1B998E00BEAD24 /* Resources */ = {
			isa = PBXResourcesBuildPhase;
			buildActionMask = 2147483647;
			files = (
				1EDF4C7D1D1B998E00BEAD24 /* LaunchScreen.storyboard in Resources */,
				1EDF4C7A1D1B998E00BEAD24 /* Assets.xcassets in Resources */,
				1EDF4C751D1B998E00BEAD24 /* Main.storyboard in Resources */,
			);
			runOnlyForDeploymentPostprocessing = 0;
		};
/* End PBXResourcesBuildPhase section */

/* Begin PBXSourcesBuildPhase section */
		1EDF4C681D1B998E00BEAD24 /* Sources */ = {
			isa = PBXSourcesBuildPhase;
			buildActionMask = 2147483647;
			files = (
				1EDF4C721D1B998E00BEAD24 /* ViewController.swift in Sources */,
				1EDF4C701D1B998E00BEAD24 /* AppDelegate.swift in Sources */,
				1EDF4C781D1B998E00BEAD24 /* SERVOSA.xcdatamodeld in Sources */,
			);
			runOnlyForDeploymentPostprocessing = 0;
		};
/* End PBXSourcesBuildPhase section */

/* Begin PBXVariantGroup section */
		1EDF4C731D1B998E00BEAD24 /* Main.storyboard */ = {
			isa = PBXVariantGroup;
			children = (
				1EDF4C741D1B998E00BEAD24 /* Base */,
			);
			name = Main.storyboard;
			sourceTree = "<group>";
		};
		1EDF4C7B1D1B998E00BEAD24 /* LaunchScreen.storyboard */ = {
			isa = PBXVariantGroup;
			children = (
				1EDF4C7C1D1B998E00BEAD24 /* Base */,
			);
			name = LaunchScreen.storyboard;
			sourceTree = "<group>";
		};
/* End PBXVariantGroup section */

/* Begin XCBuildConfiguration section */
		1EDF4C7F1D1B998E00BEAD24 /* Debug */ = {
			isa = XCBuildConfiguration;
			buildSettings = {
				ALWAYS_SEARCH_USER_PATHS = NO;
				CLANG_ANALYZER_NONNULL = YES;
				CLANG_CXX_LANGUAGE_STANDARD = "gnu++0x";
				CLANG_CXX_LIBRARY = "libc++";
				CLANG_ENABLE_MODULES = YES;
				CLANG_ENABLE_OBJC_ARC = YES;
				CLANG_WARN_BOOL_CONVERSION = YES;
				CLANG_WARN_CONSTANT_CONVERSION = YES;
				CLANG_WARN_DIRECT_OBJC_ISA_USAGE = YES_ERROR;
				CLANG_WARN_EMPTY_BODY = YES;
				CLANG_WARN_ENUM_CONVERSION = YES;
				CLANG_WARN_INT_CONVERSION = YES;
				CLANG_WARN_OBJC_ROOT_CLASS = YES_ERROR;
				CLANG_WARN_UNREACHABLE_CODE = YES;
				CLANG_WARN__DUPLICATE_METHOD_MATCH = YES;
				"CODE_SIGN_IDENTITY[sdk=iphoneos*]" = "iPhone Developer";
				COPY_PHASE_STRIP = NO;
				DEBUG_INFORMATION_FORMAT = dwarf;
				ENABLE_STRICT_OBJC_MSGSEND = YES;
				ENABLE_TESTABILITY = YES;
				GCC_C_LANGUAGE_STANDARD = gnu99;
				GCC_DYNAMIC_NO_PIC = NO;
				GCC_NO_COMMON_BLOCKS = YES;
				GCC_OPTIMIZATION_LEVEL = 0;
				GCC_PREPROCESSOR_DEFINITIONS = (
					"DEBUG=1",
					"$(inherited)",
				);
				GCC_WARN_64_TO_32_BIT_CONVERSION = YES;
				GCC_WARN_ABOUT_RETURN_TYPE = YES_ERROR;
				GCC_WARN_UNDECLARED_SELECTOR = YES;
				GCC_WARN_UNINITIALIZED_AUTOS = YES_AGGRESSIVE;
				GCC_WARN_UNUSED_FUNCTION = YES;
				GCC_WARN_UNUSED_VARIABLE = YES;
				IPHONEOS_DEPLOYMENT_TARGET = 9.3;
				MTL_ENABLE_DEBUG_INFO = YES;
				ONLY_ACTIVE_ARCH = YES;
				SDKROOT = iphoneos;
				SWIFT_OPTIMIZATION_LEVEL = "-Onone";
				TARGETED_DEVICE_FAMILY = "1,2";
			};
			name = Debug;
		};
		1EDF4C801D1B998E00BEAD24 /* Release */ = {
			isa = XCBuildConfiguration;
			buildSettings = {
				ALWAYS_SEARCH_USER_PATHS = NO;
				CLANG_ANALYZER_NONNULL = YES;
				CLANG_CXX_LANGUAGE_STANDARD = "gnu++0x";
				CLANG_CXX_LIBRARY = "libc++";
				CLANG_ENABLE_MODULES = YES;
				CLANG_ENABLE_OBJC_ARC = YES;
				CLANG_WARN_BOOL_CONVERSION = YES;
				CLANG_WARN_CONSTANT_CONVERSION = YES;
				CLANG_WARN_DIRECT_OBJC_ISA_USAGE = YES_ERROR;
				CLANG_WARN_EMPTY_BODY = YES;
				CLANG_WARN_ENUM_CONVERSION = YES;
				CLANG_WARN_INT_CONVERSION = YES;
				CLANG_WARN_OBJC_ROOT_CLASS = YES_ERROR;
				CLANG_WARN_UNREACHABLE_CODE = YES;
				CLANG_WARN__DUPLICATE_METHOD_MATCH = YES;
				"CODE_SIGN_IDENTITY[sdk=iphoneos*]" = "iPhone Developer";
				COPY_PHASE_STRIP = NO;
				DEBUG_INFORMATION_FORMAT = "dwarf-with-dsym";
				ENABLE_NS_ASSERTIONS = NO;
				ENABLE_STRICT_OBJC_MSGSEND = YES;
				GCC_C_LANGUAGE_STANDARD = gnu99;
				GCC_NO_COMMON_BLOCKS = YES;
				GCC_WARN_64_TO_32_BIT_CONVERSION = YES;
				GCC_WARN_ABOUT_RETURN_TYPE = YES_ERROR;
				GCC_WARN_UNDECLARED_SELECTOR = YES;
				GCC_WARN_UNINITIALIZED_AUTOS = YES_AGGRESSIVE;
				GCC_WARN_UNUSED_FUNCTION = YES;
				GCC_WARN_UNUSED_VARIABLE = YES;
				IPHONEOS_DEPLOYMENT_TARGET = 9.3;
				MTL_ENABLE_DEBUG_INFO = NO;
				SDKROOT = iphoneos;
				TARGETED_DEVICE_FAMILY = "1,2";
				VALIDATE_PRODUCT = YES;
			};
			name = Release;
		};
		1EDF4C821D1B998E00BEAD24 /* Debug */ = {
			isa = XCBuildConfiguration;
			buildSettings = {
				ASSETCATALOG_COMPILER_APPICON_NAME = AppIcon;
				INFOPLIST_FILE = SERVOSA/Info.plist;
				LD_RUNPATH_SEARCH_PATHS = "$(inherited) @executable_path/Frameworks";
				PRODUCT_BUNDLE_IDENTIFIER = pe.ucweb.SERVOSA;
				PRODUCT_NAME = "$(TARGET_NAME)";
			};
			name = Debug;
		};
		1EDF4C831D1B998E00BEAD24 /* Release */ = {
			isa = XCBuildConfiguration;
			buildSettings = {
				ASSETCATALOG_COMPILER_APPICON_NAME = AppIcon;
				INFOPLIST_FILE = SERVOSA/Info.plist;
				LD_RUNPATH_SEARCH_PATHS = "$(inherited) @executable_path/Frameworks";
				PRODUCT_BUNDLE_IDENTIFIER = pe.ucweb.SERVOSA;
				PRODUCT_NAME = "$(TARGET_NAME)";
			};
			name = Release;
		};
/* End XCBuildConfiguration section */

/* Begin XCConfigurationList section */
		1EDF4C671D1B998E00BEAD24 /* Build configuration list for PBXProject "SERVOSA" */ = {
			isa = XCConfigurationList;
			buildConfigurations = (
				1EDF4C7F1D1B998E00BEAD24 /* Debug */,
				1EDF4C801D1B998E00BEAD24 /* Release */,
			);
			defaultConfigurationIsVisible = 0;
			defaultConfigurationName = Release;
		};
		1EDF4C811D1B998E00BEAD24 /* Build configuration list for PBXNativeTarget "SERVOSA" */ = {
			isa = XCConfigurationList;
			buildConfigurations = (
				1EDF4C821D1B998E00BEAD24 /* Debug */,
				1EDF4C831D1B998E00BEAD24 /* Release */,
			);
			defaultConfigurationIsVisible = 0;
		};
/* End XCConfigurationList section */

/* Begin XCVersionGroup section */
		1EDF4C761D1B998E00BEAD24 /* SERVOSA.xcdatamodeld */ = {
			isa = XCVersionGroup;
			children = (
				1EDF4C771D1B998E00BEAD24 /* SERVOSA.xcdatamodel */,
			);
			currentVersion = 1EDF4C771D1B998E00BEAD24 /* SERVOSA.xcdatamodel */;
			path = SERVOSA.xcdatamodeld;
			sourceTree = "<group>";
			versionGroupType = wrapper.xcdatamodel;
		};
/* End XCVersionGroup section */
	};
	rootObject = 1EDF4C641D1B998E00BEAD24 /* Project object */;
}
